
Microsoft Visual Studio Solution File, Format Version 12.00
# Visual Studio Version 17
VisualStudioVersion = 17.10.35013.160
MinimumVisualStudioVersion = 10.0.40219.1
Project("{FAE04EC0-301F-11D3-BF4B-00C04F79EFBC}") = "SelfPractConsoleCRUD", "SelfPractConsoleCRUD\SelfPractConsoleCRUD.csproj", "{A7A18C57-0C4A-415A-A93C-87C143DF2E9D}"
EndProject
Global
	GlobalSection(SolutionConfigurationPlatforms) = preSolution
		Debug|Any CPU = Debug|Any CPU
		Release|Any CPU = Release|Any CPU
	EndGlobalSection
	GlobalSection(ProjectConfigurationPlatforms) = postSolution
		{A7A18C57-0C4A-415A-A93C-87C143DF2E9D}.Debug|Any CPU.ActiveCfg = Debug|Any CPU
		{A7A18C57-0C4A-415A-A93C-87C143DF2E9D}.Debug|Any CPU.Build.0 = Debug|Any CPU
		{A7A18C57-0C4A-415A-A93C-87C143DF2E9D}.Release|Any CPU.ActiveCfg = Release|Any CPU
		{A7A18C57-0C4A-415A-A93C-87C143DF2E9D}.Release|Any CPU.Build.0 = Release|Any CPU
	EndGlobalSection
	GlobalSection(SolutionProperties) = preSolution
		HideSolutionNode = FALSE
	EndGlobalSection
	GlobalSection(ExtensibilityGlobals) = postSolution
		SolutionGuid = {7B718B4A-8905-4E7A-AACD-EFBF13DC3022}
	EndGlobalSection
EndGlobal
