
Microsoft Visual Studio Solution File, Format Version 12.00
# Visual Studio Version 17
VisualStudioVersion = 17.10.35013.160
MinimumVisualStudioVersion = 10.0.40219.1
Project("{FAE04EC0-301F-11D3-BF4B-00C04F79EFBC}") = "FileExample", "FileExample\FileExample.csproj", "{1BD2CE48-7B29-4BDD-97E2-E81B3482ADF8}"
EndProject
Global
	GlobalSection(SolutionConfigurationPlatforms) = preSolution
		Debug|Any CPU = Debug|Any CPU
		Release|Any CPU = Release|Any CPU
	EndGlobalSection
	GlobalSection(ProjectConfigurationPlatforms) = postSolution
		{1BD2CE48-7B29-4BDD-97E2-E81B3482ADF8}.Debug|Any CPU.ActiveCfg = Debug|Any CPU
		{1BD2CE48-7B29-4BDD-97E2-E81B3482ADF8}.Debug|Any CPU.Build.0 = Debug|Any CPU
		{1BD2CE48-7B29-4BDD-97E2-E81B3482ADF8}.Release|Any CPU.ActiveCfg = Release|Any CPU
		{1BD2CE48-7B29-4BDD-97E2-E81B3482ADF8}.Release|Any CPU.Build.0 = Release|Any CPU
	EndGlobalSection
	GlobalSection(SolutionProperties) = preSolution
		HideSolutionNode = FALSE
	EndGlobalSection
	GlobalSection(ExtensibilityGlobals) = postSolution
		SolutionGuid = {D6B96DB8-E912-440F-8CB5-4123990C4C75}
	EndGlobalSection
EndGlobal
