
Microsoft Visual Studio Solution File, Format Version 12.00
# Visual Studio Version 17
VisualStudioVersion = 17.10.35013.160
MinimumVisualStudioVersion = 10.0.40219.1
Project("{FAE04EC0-301F-11D3-BF4B-00C04F79EFBC}") = "LinqExample", "LinqExample\LinqExample.csproj", "{0D470941-347D-477D-9CA3-C667960200FE}"
EndProject
Global
	GlobalSection(SolutionConfigurationPlatforms) = preSolution
		Debug|Any CPU = Debug|Any CPU
		Release|Any CPU = Release|Any CPU
	EndGlobalSection
	GlobalSection(ProjectConfigurationPlatforms) = postSolution
		{0D470941-347D-477D-9CA3-C667960200FE}.Debug|Any CPU.ActiveCfg = Debug|Any CPU
		{0D470941-347D-477D-9CA3-C667960200FE}.Debug|Any CPU.Build.0 = Debug|Any CPU
		{0D470941-347D-477D-9CA3-C667960200FE}.Release|Any CPU.ActiveCfg = Release|Any CPU
		{0D470941-347D-477D-9CA3-C667960200FE}.Release|Any CPU.Build.0 = Release|Any CPU
	EndGlobalSection
	GlobalSection(SolutionProperties) = preSolution
		HideSolutionNode = FALSE
	EndGlobalSection
	GlobalSection(ExtensibilityGlobals) = postSolution
		SolutionGuid = {229AE8EC-23DD-4435-B025-223CBC605FD9}
	EndGlobalSection
EndGlobal
