
Microsoft Visual Studio Solution File, Format Version 12.00
# Visual Studio Version 17
VisualStudioVersion = 17.10.35013.160
MinimumVisualStudioVersion = 10.0.40219.1
Project("{FAE04EC0-301F-11D3-BF4B-00C04F79EFBC}") = "lunar1", "lunar1\lunar1.csproj", "{89464C7E-9C64-498E-976C-56E38B12836F}"
EndProject
Global
	GlobalSection(SolutionConfigurationPlatforms) = preSolution
		Debug|Any CPU = Debug|Any CPU
		Release|Any CPU = Release|Any CPU
	EndGlobalSection
	GlobalSection(ProjectConfigurationPlatforms) = postSolution
		{89464C7E-9C64-498E-976C-56E38B12836F}.Debug|Any CPU.ActiveCfg = Debug|Any CPU
		{89464C7E-9C64-498E-976C-56E38B12836F}.Debug|Any CPU.Build.0 = Debug|Any CPU
		{89464C7E-9C64-498E-976C-56E38B12836F}.Release|Any CPU.ActiveCfg = Release|Any CPU
		{89464C7E-9C64-498E-976C-56E38B12836F}.Release|Any CPU.Build.0 = Release|Any CPU
	EndGlobalSection
	GlobalSection(SolutionProperties) = preSolution
		HideSolutionNode = FALSE
	EndGlobalSection
	GlobalSection(ExtensibilityGlobals) = postSolution
		SolutionGuid = {AF85786E-92EB-4003-9916-4E44636CCD71}
	EndGlobalSection
EndGlobal
