
Microsoft Visual Studio Solution File, Format Version 12.00
# Visual Studio Version 17
VisualStudioVersion = 17.3.32929.385
MinimumVisualStudioVersion = 10.0.40219.1
Project("{FAE04EC0-301F-11D3-BF4B-00C04F79EFBC}") = "DelegateExample", "DelegateExample.csproj", "{866CF6C9-E360-4FC2-8FD5-C79685360A4A}"
EndProject
Global
	GlobalSection(SolutionConfigurationPlatforms) = preSolution
		Debug|Any CPU = Debug|Any CPU
		Release|Any CPU = Release|Any CPU
	EndGlobalSection
	GlobalSection(ProjectConfigurationPlatforms) = postSolution
		{866CF6C9-E360-4FC2-8FD5-C79685360A4A}.Debug|Any CPU.ActiveCfg = Debug|Any CPU
		{866CF6C9-E360-4FC2-8FD5-C79685360A4A}.Debug|Any CPU.Build.0 = Debug|Any CPU
		{866CF6C9-E360-4FC2-8FD5-C79685360A4A}.Release|Any CPU.ActiveCfg = Release|Any CPU
		{866CF6C9-E360-4FC2-8FD5-C79685360A4A}.Release|Any CPU.Build.0 = Release|Any CPU
	EndGlobalSection
	GlobalSection(SolutionProperties) = preSolution
		HideSolutionNode = FALSE
	EndGlobalSection
	GlobalSection(ExtensibilityGlobals) = postSolution
		SolutionGuid = {BAFA3DF7-0968-49E2-A751-A71B9BFBA0CE}
	EndGlobalSection
EndGlobal
