
Microsoft Visual Studio Solution File, Format Version 12.00
# Visual Studio Version 17
VisualStudioVersion = 17.10.35013.160
MinimumVisualStudioVersion = 10.0.40219.1
Project("{FAE04EC0-301F-11D3-BF4B-00C04F79EFBC}") = "BlogManagementApp", "BlogManagementApp\BlogManagementApp.csproj", "{C8B0EC03-C979-46FD-B01B-7DACC5EDDE5F}"
EndProject
Global
	GlobalSection(SolutionConfigurationPlatforms) = preSolution
		Debug|Any CPU = Debug|Any CPU
		Release|Any CPU = Release|Any CPU
	EndGlobalSection
	GlobalSection(ProjectConfigurationPlatforms) = postSolution
		{C8B0EC03-C979-46FD-B01B-7DACC5EDDE5F}.Debug|Any CPU.ActiveCfg = Debug|Any CPU
		{C8B0EC03-C979-46FD-B01B-7DACC5EDDE5F}.Debug|Any CPU.Build.0 = Debug|Any CPU
		{C8B0EC03-C979-46FD-B01B-7DACC5EDDE5F}.Release|Any CPU.ActiveCfg = Release|Any CPU
		{C8B0EC03-C979-46FD-B01B-7DACC5EDDE5F}.Release|Any CPU.Build.0 = Release|Any CPU
	EndGlobalSection
	GlobalSection(SolutionProperties) = preSolution
		HideSolutionNode = FALSE
	EndGlobalSection
	GlobalSection(ExtensibilityGlobals) = postSolution
		SolutionGuid = {88B74FC8-8462-46D6-8087-05B299F6FEFF}
	EndGlobalSection
EndGlobal
