
Microsoft Visual Studio Solution File, Format Version 12.00
# Visual Studio Version 17
VisualStudioVersion = 17.10.35013.160
MinimumVisualStudioVersion = 10.0.40219.1
Project("{9A19103F-16F7-4668-BE54-9A1E7A4F7556}") = "CRUDWEB", "CRUDWEB\CRUDWEB.csproj", "{0C92FC58-8938-4C4B-8F0F-A25A1FA4F4EF}"
EndProject
Project("{9A19103F-16F7-4668-BE54-9A1E7A4F7556}") = "Bca2081MVCEmpty", "..\Bca2081MVCEmpty\Bca2081MVCEmpty\Bca2081MVCEmpty.csproj", "{C90ABC1D-0AE0-45B8-9AB2-CFD72DF8A505}"
EndProject
Global
	GlobalSection(SolutionConfigurationPlatforms) = preSolution
		Debug|Any CPU = Debug|Any CPU
		Release|Any CPU = Release|Any CPU
	EndGlobalSection
	GlobalSection(ProjectConfigurationPlatforms) = postSolution
		{0C92FC58-8938-4C4B-8F0F-A25A1FA4F4EF}.Debug|Any CPU.ActiveCfg = Debug|Any CPU
		{0C92FC58-8938-4C4B-8F0F-A25A1FA4F4EF}.Debug|Any CPU.Build.0 = Debug|Any CPU
		{0C92FC58-8938-4C4B-8F0F-A25A1FA4F4EF}.Release|Any CPU.ActiveCfg = Release|Any CPU
		{0C92FC58-8938-4C4B-8F0F-A25A1FA4F4EF}.Release|Any CPU.Build.0 = Release|Any CPU
		{C90ABC1D-0AE0-45B8-9AB2-CFD72DF8A505}.Debug|Any CPU.ActiveCfg = Debug|Any CPU
		{C90ABC1D-0AE0-45B8-9AB2-CFD72DF8A505}.Debug|Any CPU.Build.0 = Debug|Any CPU
		{C90ABC1D-0AE0-45B8-9AB2-CFD72DF8A505}.Release|Any CPU.ActiveCfg = Release|Any CPU
		{C90ABC1D-0AE0-45B8-9AB2-CFD72DF8A505}.Release|Any CPU.Build.0 = Release|Any CPU
	EndGlobalSection
	GlobalSection(SolutionProperties) = preSolution
		HideSolutionNode = FALSE
	EndGlobalSection
	GlobalSection(ExtensibilityGlobals) = postSolution
		SolutionGuid = {C553F12E-8D89-4FC6-8B90-F469E66882F3}
	EndGlobalSection
EndGlobal
