
Microsoft Visual Studio Solution File, Format Version 12.00
# Visual Studio Version 17
VisualStudioVersion = 17.3.32929.385
MinimumVisualStudioVersion = 10.0.40219.1
Project("{FAE04EC0-301F-11D3-BF4B-00C04F79EFBC}") = "OperatorOverloadingTest", "OperatorOverloadingTest.csproj", "{0CD99B18-EE0C-41FF-AB46-D952CEC4BDD3}"
EndProject
Global
	GlobalSection(SolutionConfigurationPlatforms) = preSolution
		Debug|Any CPU = Debug|Any CPU
		Release|Any CPU = Release|Any CPU
	EndGlobalSection
	GlobalSection(ProjectConfigurationPlatforms) = postSolution
		{0CD99B18-EE0C-41FF-AB46-D952CEC4BDD3}.Debug|Any CPU.ActiveCfg = Debug|Any CPU
		{0CD99B18-EE0C-41FF-AB46-D952CEC4BDD3}.Debug|Any CPU.Build.0 = Debug|Any CPU
		{0CD99B18-EE0C-41FF-AB46-D952CEC4BDD3}.Release|Any CPU.ActiveCfg = Release|Any CPU
		{0CD99B18-EE0C-41FF-AB46-D952CEC4BDD3}.Release|Any CPU.Build.0 = Release|Any CPU
	EndGlobalSection
	GlobalSection(SolutionProperties) = preSolution
		HideSolutionNode = FALSE
	EndGlobalSection
	GlobalSection(ExtensibilityGlobals) = postSolution
		SolutionGuid = {AFCFCDC3-FFCD-4127-BCD7-D9089F1733C3}
	EndGlobalSection
EndGlobal
