
Microsoft Visual Studio Solution File, Format Version 12.00
# Visual Studio Version 17
VisualStudioVersion = 17.10.35013.160
MinimumVisualStudioVersion = 10.0.40219.1
Project("{FAE04EC0-301F-11D3-BF4B-00C04F79EFBC}") = "oops", "oops\oops.csproj", "{8DA59B77-2B12-4A79-B335-1D278B6DDDEF}"
EndProject
Global
	GlobalSection(SolutionConfigurationPlatforms) = preSolution
		Debug|Any CPU = Debug|Any CPU
		Release|Any CPU = Release|Any CPU
	EndGlobalSection
	GlobalSection(ProjectConfigurationPlatforms) = postSolution
		{8DA59B77-2B12-4A79-B335-1D278B6DDDEF}.Debug|Any CPU.ActiveCfg = Debug|Any CPU
		{8DA59B77-2B12-4A79-B335-1D278B6DDDEF}.Debug|Any CPU.Build.0 = Debug|Any CPU
		{8DA59B77-2B12-4A79-B335-1D278B6DDDEF}.Release|Any CPU.ActiveCfg = Release|Any CPU
		{8DA59B77-2B12-4A79-B335-1D278B6DDDEF}.Release|Any CPU.Build.0 = Release|Any CPU
	EndGlobalSection
	GlobalSection(SolutionProperties) = preSolution
		HideSolutionNode = FALSE
	EndGlobalSection
	GlobalSection(ExtensibilityGlobals) = postSolution
		SolutionGuid = {2AD60AF1-F003-4946-9AE9-39BD09E01CF6}
	EndGlobalSection
EndGlobal
