
Microsoft Visual Studio Solution File, Format Version 12.00
# Visual Studio Version 17
VisualStudioVersion = 17.10.35013.160
MinimumVisualStudioVersion = 10.0.40219.1
Project("{FAE04EC0-301F-11D3-BF4B-00C04F79EFBC}") = "EFCORECRUDASP", "EFCORECRUDASP\EFCORECRUDASP.csproj", "{8A1FEE28-5CBB-4A85-BBC5-464DD5A407F8}"
EndProject
Project("{9A19103F-16F7-4668-BE54-9A1E7A4F7556}") = "CRUDWEB", "..\CRUDWEB\CRUDWEB\CRUDWEB.csproj", "{8BC14676-F54F-424C-AC73-0564822CCA81}"
EndProject
Global
	GlobalSection(SolutionConfigurationPlatforms) = preSolution
		Debug|Any CPU = Debug|Any CPU
		Release|Any CPU = Release|Any CPU
	EndGlobalSection
	GlobalSection(ProjectConfigurationPlatforms) = postSolution
		{8A1FEE28-5CBB-4A85-BBC5-464DD5A407F8}.Debug|Any CPU.ActiveCfg = Debug|Any CPU
		{8A1FEE28-5CBB-4A85-BBC5-464DD5A407F8}.Debug|Any CPU.Build.0 = Debug|Any CPU
		{8A1FEE28-5CBB-4A85-BBC5-464DD5A407F8}.Release|Any CPU.ActiveCfg = Release|Any CPU
		{8A1FEE28-5CBB-4A85-BBC5-464DD5A407F8}.Release|Any CPU.Build.0 = Release|Any CPU
		{8BC14676-F54F-424C-AC73-0564822CCA81}.Debug|Any CPU.ActiveCfg = Debug|Any CPU
		{8BC14676-F54F-424C-AC73-0564822CCA81}.Debug|Any CPU.Build.0 = Debug|Any CPU
		{8BC14676-F54F-424C-AC73-0564822CCA81}.Release|Any CPU.ActiveCfg = Release|Any CPU
		{8BC14676-F54F-424C-AC73-0564822CCA81}.Release|Any CPU.Build.0 = Release|Any CPU
	EndGlobalSection
	GlobalSection(SolutionProperties) = preSolution
		HideSolutionNode = FALSE
	EndGlobalSection
	GlobalSection(ExtensibilityGlobals) = postSolution
		SolutionGuid = {4D9E8910-FF51-49F4-BAAF-55A1F1F6D08A}
	EndGlobalSection
EndGlobal
