
Microsoft Visual Studio Solution File, Format Version 12.00
# Visual Studio Version 17
VisualStudioVersion = 17.10.35013.160
MinimumVisualStudioVersion = 10.0.40219.1
Project("{FAE04EC0-301F-11D3-BF4B-00C04F79EFBC}") = "dotNetClass", "dotNetClass\dotNetClass.csproj", "{B3BDCFBC-C91A-4D90-84B1-43E5AA5F05A1}"
EndProject
Global
	GlobalSection(SolutionConfigurationPlatforms) = preSolution
		Debug|Any CPU = Debug|Any CPU
		Release|Any CPU = Release|Any CPU
	EndGlobalSection
	GlobalSection(ProjectConfigurationPlatforms) = postSolution
		{B3BDCFBC-C91A-4D90-84B1-43E5AA5F05A1}.Debug|Any CPU.ActiveCfg = Debug|Any CPU
		{B3BDCFBC-C91A-4D90-84B1-43E5AA5F05A1}.Debug|Any CPU.Build.0 = Debug|Any CPU
		{B3BDCFBC-C91A-4D90-84B1-43E5AA5F05A1}.Release|Any CPU.ActiveCfg = Release|Any CPU
		{B3BDCFBC-C91A-4D90-84B1-43E5AA5F05A1}.Release|Any CPU.Build.0 = Release|Any CPU
	EndGlobalSection
	GlobalSection(SolutionProperties) = preSolution
		HideSolutionNode = FALSE
	EndGlobalSection
	GlobalSection(ExtensibilityGlobals) = postSolution
		SolutionGuid = {3A378D9C-0E1A-4029-B020-4E55E817EB56}
	EndGlobalSection
EndGlobal
