
Microsoft Visual Studio Solution File, Format Version 12.00
# Visual Studio Version 17
VisualStudioVersion = 17.10.35013.160
MinimumVisualStudioVersion = 10.0.40219.1
Project("{FAE04EC0-301F-11D3-BF4B-00C04F79EFBC}") = "ExtensionMethodExample", "ExtensionMethodExample\ExtensionMethodExample.csproj", "{63CB8ED4-C96C-44A6-A1F1-E2C572A4FCF5}"
EndProject
Global
	GlobalSection(SolutionConfigurationPlatforms) = preSolution
		Debug|Any CPU = Debug|Any CPU
		Release|Any CPU = Release|Any CPU
	EndGlobalSection
	GlobalSection(ProjectConfigurationPlatforms) = postSolution
		{63CB8ED4-C96C-44A6-A1F1-E2C572A4FCF5}.Debug|Any CPU.ActiveCfg = Debug|Any CPU
		{63CB8ED4-C96C-44A6-A1F1-E2C572A4FCF5}.Debug|Any CPU.Build.0 = Debug|Any CPU
		{63CB8ED4-C96C-44A6-A1F1-E2C572A4FCF5}.Release|Any CPU.ActiveCfg = Release|Any CPU
		{63CB8ED4-C96C-44A6-A1F1-E2C572A4FCF5}.Release|Any CPU.Build.0 = Release|Any CPU
	EndGlobalSection
	GlobalSection(SolutionProperties) = preSolution
		HideSolutionNode = FALSE
	EndGlobalSection
	GlobalSection(ExtensibilityGlobals) = postSolution
		SolutionGuid = {2766D9F9-E7B6-43A7-A6D4-D393CC912180}
	EndGlobalSection
EndGlobal
