
Microsoft Visual Studio Solution File, Format Version 12.00
# Visual Studio Version 17
VisualStudioVersion = 17.10.35013.160
MinimumVisualStudioVersion = 10.0.40219.1
Project("{FAE04EC0-301F-11D3-BF4B-00C04F79EFBC}") = "controllerPractice", "controllerPractice\controllerPractice.csproj", "{A34175C5-054E-4445-9385-F1214F7F5E14}"
EndProject
Global
	GlobalSection(SolutionConfigurationPlatforms) = preSolution
		Debug|Any CPU = Debug|Any CPU
		Release|Any CPU = Release|Any CPU
	EndGlobalSection
	GlobalSection(ProjectConfigurationPlatforms) = postSolution
		{A34175C5-054E-4445-9385-F1214F7F5E14}.Debug|Any CPU.ActiveCfg = Debug|Any CPU
		{A34175C5-054E-4445-9385-F1214F7F5E14}.Debug|Any CPU.Build.0 = Debug|Any CPU
		{A34175C5-054E-4445-9385-F1214F7F5E14}.Release|Any CPU.ActiveCfg = Release|Any CPU
		{A34175C5-054E-4445-9385-F1214F7F5E14}.Release|Any CPU.Build.0 = Release|Any CPU
	EndGlobalSection
	GlobalSection(SolutionProperties) = preSolution
		HideSolutionNode = FALSE
	EndGlobalSection
	GlobalSection(ExtensibilityGlobals) = postSolution
		SolutionGuid = {EDAC92C2-BCCE-44AA-B13D-8F15115D205C}
	EndGlobalSection
EndGlobal
